<?xml version="1.0" encoding="utf-8"?>
<Project ToolsVersion="4.0" xmlns="http://schemas.microsoft.com/developer/msbuild/2003">
  <ItemGroup>
    <ClCompile Include="ThrowYourDice.cpp">
      <Filter>Source</Filter>
    </ClCompile>
    <ClCompile Include="src\graphics\Window.cpp">
      <Filter>Source</Filter>
    </ClCompile>
    <ClCompile Include="src\graphics\ui\WidgetSlider.cpp">
      <Filter>Source</Filter>
    </ClCompile>
    <ClCompile Include="src\graphics\ui\WidgetButton.cpp">
      <Filter>Source</Filter>
    </ClCompile>
    <ClCompile Include="src\graphics\ui\UI.cpp">
      <Filter>Source</Filter>
    </ClCompile>
    <ClCompile Include="src\Room.cpp">
      <Filter>Source</Filter>
    </ClCompile>
    <ClCompile Include="src\settings\Input.cpp">
      <Filter>Source</Filter>
    </ClCompile>
    <ClCompile Include="src\graphics\Entity.cpp">
      <Filter>Source</Filter>
    </ClCompile>
    <ClCompile Include="src\graphics\ui\BText.cpp">
      <Filter>Source</Filter>
    </ClCompile>
    <ClCompile Include="src\graphics\AnimatedEntity.cpp">
      <Filter>Source</Filter>
    </ClCompile>
    <ClCompile Include="src\graphics\ui\Sidebar.cpp" />
  </ItemGroup>
  <ItemGroup>
    <ClInclude Include="Const.hpp">
      <Filter>Headers</Filter>
    </ClInclude>
    <ClInclude Include="src\graphics\AnimatedEntity.hpp">
      <Filter>Headers</Filter>
    </ClInclude>
    <ClInclude Include="src\graphics\ui\BText.hpp">
      <Filter>Headers</Filter>
    </ClInclude>
    <ClInclude Include="src\graphics\Entity.hpp">
      <Filter>Headers</Filter>
    </ClInclude>
    <ClInclude Include="src\settings\Input.hpp">
      <Filter>Headers</Filter>
    </ClInclude>
    <ClInclude Include="src\Room.hpp">
      <Filter>Headers</Filter>
    </ClInclude>
    <ClInclude Include="src\graphics\ui\UI.h">
      <Filter>Headers</Filter>
    </ClInclude>
    <ClInclude Include="src\graphics\ui\WidgetButton.h">
      <Filter>Headers</Filter>
    </ClInclude>
    <ClInclude Include="src\graphics\ui\WidgetSlider.h">
      <Filter>Headers</Filter>
    </ClInclude>
    <ClInclude Include="src\graphics\Window.hpp">
      <Filter>Headers</Filter>
    </ClInclude>
    <ClInclude Include="src\graphics\ui\Sidebar.hpp" />
  </ItemGroup>
  <ItemGroup>
    <Filter Include="Headers">
      <UniqueIdentifier>{99f990d8-991e-4628-b6c6-93305577155d}</UniqueIdentifier>
    </Filter>
    <Filter Include="Source">
      <UniqueIdentifier>{24e9cb5f-6d7b-44e0-96c9-a60738285ab8}</UniqueIdentifier>
    </Filter>
  </ItemGroup>
</Project>